// !$*UTF8*$!
{
	archiveVersion = 1;
	classes = {
	};
	objectVersion = 46;
	objects = {

/* Begin PBXBuildFile section */
		597C135E1AD332FD00B42108 /* main.m in Sources */ = {isa = PBXBuildFile; fileRef = 597C135D1AD332FD00B42108 /* main.m */; };
		597C13611AD332FD00B42108 /* AppDelegate.m in Sources */ = {isa = PBXBuildFile; fileRef = 597C13601AD332FD00B42108 /* AppDelegate.m */; };
		597C13631AD332FD00B42108 /* Images.xcassets in Resources */ = {isa = PBXBuildFile; fileRef = 597C13621AD332FD00B42108 /* Images.xcassets */; };
		597C13661AD332FD00B42108 /* LaunchScreen.xib in Resources */ = {isa = PBXBuildFile; fileRef = 597C13641AD332FD00B42108 /* LaunchScreen.xib */; };
		597C13721AD332FD00B42108 /* XwingTests.m in Sources */ = {isa = PBXBuildFile; fileRef = 597C13711AD332FD00B42108 /* XwingTests.m */; };
		597C137E1AD3331E00B42108 /* DTCMainViewController.m in Sources */ = {isa = PBXBuildFile; fileRef = 597C137C1AD3331E00B42108 /* DTCMainViewController.m */; };
		597C137F1AD3331E00B42108 /* DTCMainViewController.xib in Resources */ = {isa = PBXBuildFile; fileRef = 597C137D1AD3331E00B42108 /* DTCMainViewController.xib */; };
		597C13821AD334BB00B42108 /* space.png in Resources */ = {isa = PBXBuildFile; fileRef = 597C13801AD334BB00B42108 /* space.png */; };
		597C13881AD336CA00B42108 /* xwing.png in Resources */ = {isa = PBXBuildFile; fileRef = 597C13871AD336CA00B42108 /* xwing.png */; };
/* End PBXBuildFile section */

/* Begin PBXContainerItemProxy section */
		597C136C1AD332FD00B42108 /* PBXContainerItemProxy */ = {
			isa = PBXContainerItemProxy;
			containerPortal = 597C13501AD332FD00B42108 /* Project object */;
			proxyType = 1;
			remoteGlobalIDString = 597C13571AD332FD00B42108;
			remoteInfo = Xwing;
		};
/* End PBXContainerItemProxy section */

/* Begin PBXFileReference section */
		597C13581AD332FD00B42108 /* Xwing.app */ = {isa = PBXFileReference; explicitFileType = wrapper.application; includeInIndex = 0; path = Xwing.app; sourceTree = BUILT_PRODUCTS_DIR; };
		597C135C1AD332FD00B42108 /* Info.plist */ = {isa = PBXFileReference; lastKnownFileType = text.plist.xml; path = Info.plist; sourceTree = "<group>"; };
		597C135D1AD332FD00B42108 /* main.m */ = {isa = PBXFileReference; lastKnownFileType = sourcecode.c.objc; path = main.m; sourceTree = "<group>"; };
		597C135F1AD332FD00B42108 /* AppDelegate.h */ = {isa = PBXFileReference; lastKnownFileType = sourcecode.c.h; path = AppDelegate.h; sourceTree = "<group>"; };
		597C13601AD332FD00B42108 /* AppDelegate.m */ = {isa = PBXFileReference; lastKnownFileType = sourcecode.c.objc; path = AppDelegate.m; sourceTree = "<group>"; };
		597C13621AD332FD00B42108 /* Images.xcassets */ = {isa = PBXFileReference; lastKnownFileType = folder.assetcatalog; path = Images.xcassets; sourceTree = "<group>"; };
		597C13651AD332FD00B42108 /* Base */ = {isa = PBXFileReference; lastKnownFileType = file.xib; name = Base; path = Base.lproj/LaunchScreen.xib; sourceTree = "<group>"; };
		597C136B1AD332FD00B42108 /* XwingTests.xctest */ = {isa = PBXFileReference; explicitFileType = wrapper.cfbundle; includeInIndex = 0; path = XwingTests.xctest; sourceTree = BUILT_PRODUCTS_DIR; };
		597C13701AD332FD00B42108 /* Info.plist */ = {isa = PBXFileReference; lastKnownFileType = text.plist.xml; path = Info.plist; sourceTree = "<group>"; };
		597C13711AD332FD00B42108 /* XwingTests.m */ = {isa = PBXFileReference; lastKnownFileType = sourcecode.c.objc; path = XwingTests.m; sourceTree = "<group>"; };
		597C137B1AD3331E00B42108 /* DTCMainViewController.h */ = {isa = PBXFileReference; fileEncoding = 4; lastKnownFileType = sourcecode.c.h; path = DTCMainViewController.h; sourceTree = "<group>"; };
		597C137C1AD3331E00B42108 /* DTCMainViewController.m */ = {isa = PBXFileReference; fileEncoding = 4; lastKnownFileType = sourcecode.c.objc; path = DTCMainViewController.m; sourceTree = "<group>"; };
		597C137D1AD3331E00B42108 /* DTCMainViewController.xib */ = {isa = PBXFileReference; fileEncoding = 4; lastKnownFileType = file.xib; path = DTCMainViewController.xib; sourceTree = "<group>"; };
		597C13801AD334BB00B42108 /* space.png */ = {isa = PBXFileReference; lastKnownFileType = image.png; path = space.png; sourceTree = "<group>"; };
		597C13871AD336CA00B42108 /* xwing.png */ = {isa = PBXFileReference; lastKnownFileType = image.png; path = xwing.png; sourceTree = "<group>"; };
/* End PBXFileReference section */

/* Begin PBXFrameworksBuildPhase section */
		597C13551AD332FD00B42108 /* Frameworks */ = {
			isa = PBXFrameworksBuildPhase;
			buildActionMask = 2147483647;
			files = (
			);
			runOnlyForDeploymentPostprocessing = 0;
		};
		597C13681AD332FD00B42108 /* Frameworks */ = {
			isa = PBXFrameworksBuildPhase;
			buildActionMask = 2147483647;
			files = (
			);
			runOnlyForDeploymentPostprocessing = 0;
		};
/* End PBXFrameworksBuildPhase section */

/* Begin PBXGroup section */
		597C134F1AD332FD00B42108 = {
			isa = PBXGroup;
			children = (
				597C135A1AD332FD00B42108 /* Xwing */,
				597C136E1AD332FD00B42108 /* XwingTests */,
				597C13591AD332FD00B42108 /* Products */,
			);
			sourceTree = "<group>";
		};
		597C13591AD332FD00B42108 /* Products */ = {
			isa = PBXGroup;
			children = (
				597C13581AD332FD00B42108 /* Xwing.app */,
				597C136B1AD332FD00B42108 /* XwingTests.xctest */,
			);
			name = Products;
			sourceTree = "<group>";
		};
		597C135A1AD332FD00B42108 /* Xwing */ = {
			isa = PBXGroup;
			children = (
				597C13801AD334BB00B42108 /* space.png */,
				597C13871AD336CA00B42108 /* xwing.png */,
				597C135F1AD332FD00B42108 /* AppDelegate.h */,
				597C13601AD332FD00B42108 /* AppDelegate.m */,
				597C13841AD334F700B42108 /* Controllers */,
				597C13621AD332FD00B42108 /* Images.xcassets */,
				597C13641AD332FD00B42108 /* LaunchScreen.xib */,
				597C135B1AD332FD00B42108 /* Supporting Files */,
			);
			path = Xwing;
			sourceTree = "<group>";
		};
		597C135B1AD332FD00B42108 /* Supporting Files */ = {
			isa = PBXGroup;
			children = (
				597C135C1AD332FD00B42108 /* Info.plist */,
				597C135D1AD332FD00B42108 /* main.m */,
			);
			name = "Supporting Files";
			sourceTree = "<group>";
		};
		597C136E1AD332FD00B42108 /* XwingTests */ = {
			isa = PBXGroup;
			children = (
				597C13711AD332FD00B42108 /* XwingTests.m */,
				597C136F1AD332FD00B42108 /* Supporting Files */,
			);
			path = XwingTests;
			sourceTree = "<group>";
		};
		597C136F1AD332FD00B42108 /* Supporting Files */ = {
			isa = PBXGroup;
			children = (
				597C13701AD332FD00B42108 /* Info.plist */,
			);
			name = "Supporting Files";
			sourceTree = "<group>";
		};
		597C13841AD334F700B42108 /* Controllers */ = {
			isa = PBXGroup;
			children = (
				597C137B1AD3331E00B42108 /* DTCMainViewController.h */,
				597C137C1AD3331E00B42108 /* DTCMainViewController.m */,
				597C137D1AD3331E00B42108 /* DTCMainViewController.xib */,
			);
			name = Controllers;
			sourceTree = "<group>";
		};
/* End PBXGroup section */

/* Begin PBXNativeTarget section */
		597C13571AD332FD00B42108 /* Xwing */ = {
			isa = PBXNativeTarget;
			buildConfigurationList = 597C13751AD332FD00B42108 /* Build configuration list for PBXNativeTarget "Xwing" */;
			buildPhases = (
				597C13541AD332FD00B42108 /* Sources */,
				597C13551AD332FD00B42108 /* Frameworks */,
				597C13561AD332FD00B42108 /* Resources */,
			);
			buildRules = (
			);
			dependencies = (
			);
			name = Xwing;
			productName = Xwing;
			productReference = 597C13581AD332FD00B42108 /* Xwing.app */;
			productType = "com.apple.product-type.application";
		};
		597C136A1AD332FD00B42108 /* XwingTests */ = {
			isa = PBXNativeTarget;
			buildConfigurationList = 597C13781AD332FD00B42108 /* Build configuration list for PBXNativeTarget "XwingTests" */;
			buildPhases = (
				597C13671AD332FD00B42108 /* Sources */,
				597C13681AD332FD00B42108 /* Frameworks */,
				597C13691AD332FD00B42108 /* Resources */,
			);
			buildRules = (
			);
			dependencies = (
				597C136D1AD332FD00B42108 /* PBXTargetDependency */,
			);
			name = XwingTests;
			productName = XwingTests;
			productReference = 597C136B1AD332FD00B42108 /* XwingTests.xctest */;
			productType = "com.apple.product-type.bundle.unit-test";
		};
/* End PBXNativeTarget section */

/* Begin PBXProject section */
		597C13501AD332FD00B42108 /* Project object */ = {
			isa = PBXProject;
			attributes = {
				LastUpgradeCheck = 0620;
				ORGANIZATIONNAME = "David de Tena";
				TargetAttributes = {
					597C13571AD332FD00B42108 = {
						CreatedOnToolsVersion = 6.2;
						DevelopmentTeam = QF5L9JVR92;
					};
					597C136A1AD332FD00B42108 = {
						CreatedOnToolsVersion = 6.2;
						DevelopmentTeam = QF5L9JVR92;
						TestTargetID = 597C13571AD332FD00B42108;
					};
				};
			};
			buildConfigurationList = 597C13531AD332FD00B42108 /* Build configuration list for PBXProject "Xwing" */;
			compatibilityVersion = "Xcode 3.2";
			developmentRegion = English;
			hasScannedForEncodings = 0;
			knownRegions = (
				en,
				Base,
			);
			mainGroup = 597C134F1AD332FD00B42108;
			productRefGroup = 597C13591AD332FD00B42108 /* Products */;
			projectDirPath = "";
			projectRoot = "";
			targets = (
				597C13571AD332FD00B42108 /* Xwing */,
				597C136A1AD332FD00B42108 /* XwingTests */,
			);
		};
/* End PBXProject section */

/* Begin PBXResourcesBuildPhase section */
		597C13561AD332FD00B42108 /* Resources */ = {
			isa = PBXResourcesBuildPhase;
			buildActionMask = 2147483647;
			files = (
				597C13821AD334BB00B42108 /* space.png in Resources */,
				597C13661AD332FD00B42108 /* LaunchScreen.xib in Resources */,
				597C13881AD336CA00B42108 /* xwing.png in Resources */,
				597C137F1AD3331E00B42108 /* DTCMainViewController.xib in Resources */,
				597C13631AD332FD00B42108 /* Images.xcassets in Resources */,
			);
			runOnlyForDeploymentPostprocessing = 0;
		};
		597C13691AD332FD00B42108 /* Resources */ = {
			isa = PBXResourcesBuildPhase;
			buildActionMask = 2147483647;
			files = (
			);
			runOnlyForDeploymentPostprocessing = 0;
		};
/* End PBXResourcesBuildPhase section */

/* Begin PBXSourcesBuildPhase section */
		597C13541AD332FD00B42108 /* Sources */ = {
			isa = PBXSourcesBuildPhase;
			buildActionMask = 2147483647;
			files = (
				597C13611AD332FD00B42108 /* AppDelegate.m in Sources */,
				597C135E1AD332FD00B42108 /* main.m in Sources */,
				597C137E1AD3331E00B42108 /* DTCMainViewController.m in Sources */,
			);
			runOnlyForDeploymentPostprocessing = 0;
		};
		597C13671AD332FD00B42108 /* Sources */ = {
			isa = PBXSourcesBuildPhase;
			buildActionMask = 2147483647;
			files = (
				597C13721AD332FD00B42108 /* XwingTests.m in Sources */,
			);
			runOnlyForDeploymentPostprocessing = 0;
		};
/* End PBXSourcesBuildPhase section */

/* Begin PBXTargetDependency section */
		597C136D1AD332FD00B42108 /* PBXTargetDependency */ = {
			isa = PBXTargetDependency;
			target = 597C13571AD332FD00B42108 /* Xwing */;
			targetProxy = 597C136C1AD332FD00B42108 /* PBXContainerItemProxy */;
		};
/* End PBXTargetDependency section */

/* Begin PBXVariantGroup section */
		597C13641AD332FD00B42108 /* LaunchScreen.xib */ = {
			isa = PBXVariantGroup;
			children = (
				597C13651AD332FD00B42108 /* Base */,
			);
			name = LaunchScreen.xib;
			sourceTree = "<group>";
		};
/* End PBXVariantGroup section */

/* Begin XCBuildConfiguration section */
		597C13731AD332FD00B42108 /* Debug */ = {
			isa = XCBuildConfiguration;
			buildSettings = {
				ALWAYS_SEARCH_USER_PATHS = NO;
				CLANG_CXX_LANGUAGE_STANDARD = "gnu++0x";
				CLANG_CXX_LIBRARY = "libc++";
				CLANG_ENABLE_MODULES = YES;
				CLANG_ENABLE_OBJC_ARC = YES;
				CLANG_WARN_BOOL_CONVERSION = YES;
				CLANG_WARN_CONSTANT_CONVERSION = YES;
				CLANG_WARN_DIRECT_OBJC_ISA_USAGE = YES_ERROR;
				CLANG_WARN_EMPTY_BODY = YES;
				CLANG_WARN_ENUM_CONVERSION = YES;
				CLANG_WARN_INT_CONVERSION = YES;
				CLANG_WARN_OBJC_ROOT_CLASS = YES_ERROR;
				CLANG_WARN_UNREACHABLE_CODE = YES;
				CLANG_WARN__DUPLICATE_METHOD_MATCH = YES;
				"CODE_SIGN_IDENTITY[sdk=iphoneos*]" = "iPhone Developer";
				COPY_PHASE_STRIP = NO;
				ENABLE_STRICT_OBJC_MSGSEND = YES;
				GCC_C_LANGUAGE_STANDARD = gnu99;
				GCC_DYNAMIC_NO_PIC = NO;
				GCC_OPTIMIZATION_LEVEL = 0;
				GCC_PREPROCESSOR_DEFINITIONS = (
					"DEBUG=1",
					"$(inherited)",
				);
				GCC_SYMBOLS_PRIVATE_EXTERN = NO;
				GCC_WARN_64_TO_32_BIT_CONVERSION = YES;
				GCC_WARN_ABOUT_RETURN_TYPE = YES_ERROR;
				GCC_WARN_UNDECLARED_SELECTOR = YES;
				GCC_WARN_UNINITIALIZED_AUTOS = YES_AGGRESSIVE;
				GCC_WARN_UNUSED_FUNCTION = YES;
				GCC_WARN_UNUSED_VARIABLE = YES;
				IPHONEOS_DEPLOYMENT_TARGET = 8.2;
				MTL_ENABLE_DEBUG_INFO = YES;
				ONLY_ACTIVE_ARCH = YES;
				SDKROOT = iphoneos;
			};
			name = Debug;
		};
		597C13741AD332FD00B42108 /* Release */ = {
			isa = XCBuildConfiguration;
			buildSettings = {
				ALWAYS_SEARCH_USER_PATHS = NO;
				CLANG_CXX_LANGUAGE_STANDARD = "gnu++0x";
				CLANG_CXX_LIBRARY = "libc++";
				CLANG_ENABLE_MODULES = YES;
				CLANG_ENABLE_OBJC_ARC = YES;
				CLANG_WARN_BOOL_CONVERSION = YES;
				CLANG_WARN_CONSTANT_CONVERSION = YES;
				CLANG_WARN_DIRECT_OBJC_ISA_USAGE = YES_ERROR;
				CLANG_WARN_EMPTY_BODY = YES;
				CLANG_WARN_ENUM_CONVERSION = YES;
				CLANG_WARN_INT_CONVERSION = YES;
				CLANG_WARN_OBJC_ROOT_CLASS = YES_ERROR;
				CLANG_WARN_UNREACHABLE_CODE = YES;
				CLANG_WARN__DUPLICATE_METHOD_MATCH = YES;
				"CODE_SIGN_IDENTITY[sdk=iphoneos*]" = "iPhone Developer";
				COPY_PHASE_STRIP = NO;
				ENABLE_NS_ASSERTIONS = NO;
				ENABLE_STRICT_OBJC_MSGSEND = YES;
				GCC_C_LANGUAGE_STANDARD = gnu99;
				GCC_WARN_64_TO_32_BIT_CONVERSION = YES;
				GCC_WARN_ABOUT_RETURN_TYPE = YES_ERROR;
				GCC_WARN_UNDECLARED_SELECTOR = YES;
				GCC_WARN_UNINITIALIZED_AUTOS = YES_AGGRESSIVE;
				GCC_WARN_UNUSED_FUNCTION = YES;
				GCC_WARN_UNUSED_VARIABLE = YES;
				IPHONEOS_DEPLOYMENT_TARGET = 8.2;
				MTL_ENABLE_DEBUG_INFO = NO;
				SDKROOT = iphoneos;
				VALIDATE_PRODUCT = YES;
			};
			name = Release;
		};
		597C13761AD332FD00B42108 /* Debug */ = {
			isa = XCBuildConfiguration;
			buildSettings = {
				ASSETCATALOG_COMPILER_APPICON_NAME = AppIcon;
				DEVELOPMENT_TEAM = QF5L9JVR92;
				INFOPLIST_FILE = Xwing/Info.plist;
				LD_RUNPATH_SEARCH_PATHS = "$(inherited) @executable_path/Frameworks";
				PRODUCT_NAME = "$(TARGET_NAME)";
			};
			name = Debug;
		};
		597C13771AD332FD00B42108 /* Release */ = {
			isa = XCBuildConfiguration;
			buildSettings = {
				ASSETCATALOG_COMPILER_APPICON_NAME = AppIcon;
				DEVELOPMENT_TEAM = QF5L9JVR92;
				INFOPLIST_FILE = Xwing/Info.plist;
				LD_RUNPATH_SEARCH_PATHS = "$(inherited) @executable_path/Frameworks";
				PRODUCT_NAME = "$(TARGET_NAME)";
			};
			name = Release;
		};
		597C13791AD332FD00B42108 /* Debug */ = {
			isa = XCBuildConfiguration;
			buildSettings = {
				BUNDLE_LOADER = "$(TEST_HOST)";
				DEVELOPMENT_TEAM = QF5L9JVR92;
				FRAMEWORK_SEARCH_PATHS = (
					"$(SDKROOT)/Developer/Library/Frameworks",
					"$(inherited)",
				);
				GCC_PREPROCESSOR_DEFINITIONS = (
					"DEBUG=1",
					"$(inherited)",
				);
				INFOPLIST_FILE = XwingTests/Info.plist;
				LD_RUNPATH_SEARCH_PATHS = "$(inherited) @executable_path/Frameworks @loader_path/Frameworks";
				PRODUCT_NAME = "$(TARGET_NAME)";
				TEST_HOST = "$(BUILT_PRODUCTS_DIR)/Xwing.app/Xwing";
			};
			name = Debug;
		};
		597C137A1AD332FD00B42108 /* Release */ = {
			isa = XCBuildConfiguration;
			buildSettings = {
				BUNDLE_LOADER = "$(TEST_HOST)";
				DEVELOPMENT_TEAM = QF5L9JVR92;
				FRAMEWORK_SEARCH_PATHS = (
					"$(SDKROOT)/Developer/Library/Frameworks",
					"$(inherited)",
				);
				INFOPLIST_FILE = XwingTests/Info.plist;
				LD_RUNPATH_SEARCH_PATHS = "$(inherited) @executable_path/Frameworks @loader_path/Frameworks";
				PRODUCT_NAME = "$(TARGET_NAME)";
				TEST_HOST = "$(BUILT_PRODUCTS_DIR)/Xwing.app/Xwing";
			};
			name = Release;
		};
/* End XCBuildConfiguration section */

/* Begin XCConfigurationList section */
		597C13531AD332FD00B42108 /* Build configuration list for PBXProject "Xwing" */ = {
			isa = XCConfigurationList;
			buildConfigurations = (
				597C13731AD332FD00B42108 /* Debug */,
				597C13741AD332FD00B42108 /* Release */,
			);
			defaultConfigurationIsVisible = 0;
			defaultConfigurationName = Release;
		};
		597C13751AD332FD00B42108 /* Build configuration list for PBXNativeTarget "Xwing" */ = {
			isa = XCConfigurationList;
			buildConfigurations = (
				597C13761AD332FD00B42108 /* Debug */,
				597C13771AD332FD00B42108 /* Release */,
			);
			defaultConfigurationIsVisible = 0;
			defaultConfigurationName = Release;
		};
		597C13781AD332FD00B42108 /* Build configuration list for PBXNativeTarget "XwingTests" */ = {
			isa = XCConfigurationList;
			buildConfigurations = (
				597C13791AD332FD00B42108 /* Debug */,
				597C137A1AD332FD00B42108 /* Release */,
			);
			defaultConfigurationIsVisible = 0;
			defaultConfigurationName = Release;
		};
/* End XCConfigurationList section */
	};
	rootObject = 597C13501AD332FD00B42108 /* Project object */;
}
